
Microsoft Visual Studio Solution File, Format Version 12.00
# Visual Studio Version 17
VisualStudioVersion = 17.3.32804.467
MinimumVisualStudioVersion = 10.0.40219.1
Project("{FAE04EC0-301F-11D3-BF4B-00C04F79EFBC}") = "Aula10", "Aula10\Aula10.csproj", "{10249663-F717-4FF3-86BE-018ED14DE20B}"
EndProject
Global
	GlobalSection(SolutionConfigurationPlatforms) = preSolution
		Debug|Any CPU = Debug|Any CPU
		Release|Any CPU = Release|Any CPU
	EndGlobalSection
	GlobalSection(ProjectConfigurationPlatforms) = postSolution
		{10249663-F717-4FF3-86BE-018ED14DE20B}.Debug|Any CPU.ActiveCfg = Debug|Any CPU
		{10249663-F717-4FF3-86BE-018ED14DE20B}.Debug|Any CPU.Build.0 = Debug|Any CPU
		{10249663-F717-4FF3-86BE-018ED14DE20B}.Release|Any CPU.ActiveCfg = Release|Any CPU
		{10249663-F717-4FF3-86BE-018ED14DE20B}.Release|Any CPU.Build.0 = Release|Any CPU
	EndGlobalSection
	GlobalSection(SolutionProperties) = preSolution
		HideSolutionNode = FALSE
	EndGlobalSection
	GlobalSection(ExtensibilityGlobals) = postSolution
		SolutionGuid = {5B5F3403-16FE-450A-8258-8B716F64D29D}
	EndGlobalSection
EndGlobal
